
Microsoft Visual Studio Solution File, Format Version 12.00
# Visual Studio Version 17
VisualStudioVersion = 17.14.36811.4 d17.14
MinimumVisualStudioVersion = 10.0.40219.1
Project("{FAE04EC0-301F-11D3-BF4B-00C04F79EFBC}") = "CoreHR", "CoreHR\CoreHR.csproj", "{9B9CA78C-A05B-4D6C-9684-99ACBD8E5262}"
EndProject
Global
	GlobalSection(SolutionConfigurationPlatforms) = preSolution
		Debug|Any CPU = Debug|Any CPU
		Release|Any CPU = Release|Any CPU
	EndGlobalSection
	GlobalSection(ProjectConfigurationPlatforms) = postSolution
		{9B9CA78C-A05B-4D6C-9684-99ACBD8E5262}.Debug|Any CPU.ActiveCfg = Debug|Any CPU
		{9B9CA78C-A05B-4D6C-9684-99ACBD8E5262}.Debug|Any CPU.Build.0 = Debug|Any CPU
		{9B9CA78C-A05B-4D6C-9684-99ACBD8E5262}.Release|Any CPU.ActiveCfg = Release|Any CPU
		{9B9CA78C-A05B-4D6C-9684-99ACBD8E5262}.Release|Any CPU.Build.0 = Release|Any CPU
	EndGlobalSection
	GlobalSection(SolutionProperties) = preSolution
		HideSolutionNode = FALSE
	EndGlobalSection
	GlobalSection(ExtensibilityGlobals) = postSolution
		SolutionGuid = {E8332935-6586-4BCB-8D20-0B0BE21EEA37}
	EndGlobalSection
EndGlobal
